// !$*UTF8*$!
{
	archiveVersion = 1;
	classes = {
	};
	objectVersion = 55;
	objects = {

/* Begin PBXBuildFile section */
		843E34B6292F6DF50084379A /* ActivityIndicator.swift in Sources */ = {isa = PBXBuildFile; fileRef = 843E34B5292F6DF50084379A /* ActivityIndicator.swift */; };
		843E34B9292F9C9C0084379A /* URLSession+Extensions.swift in Sources */ = {isa = PBXBuildFile; fileRef = 843E34B8292F9C9C0084379A /* URLSession+Extensions.swift */; };
		843E34C62930C7990084379A /* Localizable.strings in Resources */ = {isa = PBXBuildFile; fileRef = 843E34C82930C7990084379A /* Localizable.strings */; };
		843E34CE2930DD1F0084379A /* APIEndpoints.swift in Sources */ = {isa = PBXBuildFile; fileRef = 843E34CD2930DD1E0084379A /* APIEndpoints.swift */; };
		843E34D02930DE070084379A /* BaseView.swift in Sources */ = {isa = PBXBuildFile; fileRef = 843E34CF2930DE070084379A /* BaseView.swift */; };
		849C810E292E41EA00635DED /* AppDelegate.swift in Sources */ = {isa = PBXBuildFile; fileRef = 849C810D292E41EA00635DED /* AppDelegate.swift */; };
		849C8110292E41EA00635DED /* SceneDelegate.swift in Sources */ = {isa = PBXBuildFile; fileRef = 849C810F292E41EA00635DED /* SceneDelegate.swift */; };
		849C8115292E41EA00635DED /* Main.storyboard in Resources */ = {isa = PBXBuildFile; fileRef = 849C8113292E41EA00635DED /* Main.storyboard */; };
		849C8117292E41F100635DED /* Assets.xcassets in Resources */ = {isa = PBXBuildFile; fileRef = 849C8116292E41F100635DED /* Assets.xcassets */; };
		849C811A292E41F100635DED /* LaunchScreen.storyboard in Resources */ = {isa = PBXBuildFile; fileRef = 849C8118292E41F100635DED /* LaunchScreen.storyboard */; };
		849C812B292E46DF00635DED /* AnyBaseViewModel.swift in Sources */ = {isa = PBXBuildFile; fileRef = 849C8127292E46DE00635DED /* AnyBaseViewModel.swift */; };
		849C812D292E46DF00635DED /* BaseViewController.swift in Sources */ = {isa = PBXBuildFile; fileRef = 849C8129292E46DE00635DED /* BaseViewController.swift */; };
		849C8133292E4A5300635DED /* MainView.swift in Sources */ = {isa = PBXBuildFile; fileRef = 849C8132292E4A5300635DED /* MainView.swift */; };
		849C8135292E4A5F00635DED /* MainViewModel.swift in Sources */ = {isa = PBXBuildFile; fileRef = 849C8134292E4A5F00635DED /* MainViewModel.swift */; };
		849C8137292E4A6A00635DED /* MainViewController.swift in Sources */ = {isa = PBXBuildFile; fileRef = 849C8136292E4A6A00635DED /* MainViewController.swift */; };
		849C8139292E4ACC00635DED /* CommentsView.swift in Sources */ = {isa = PBXBuildFile; fileRef = 849C8138292E4ACC00635DED /* CommentsView.swift */; };
		849C813B292E4ADA00635DED /* CommentsViewModel.swift in Sources */ = {isa = PBXBuildFile; fileRef = 849C813A292E4ADA00635DED /* CommentsViewModel.swift */; };
		849C813D292E4AE600635DED /* CommentsViewController.swift in Sources */ = {isa = PBXBuildFile; fileRef = 849C813C292E4AE600635DED /* CommentsViewController.swift */; };
		849C8145292E51A900635DED /* SwiftUIView.swift in Sources */ = {isa = PBXBuildFile; fileRef = 849C8144292E51A900635DED /* SwiftUIView.swift */; };
		849C8147292E51AB00635DED /* SwiftUIViewController.swift in Sources */ = {isa = PBXBuildFile; fileRef = 849C8146292E51AB00635DED /* SwiftUIViewController.swift */; };
		849C814A292E51CF00635DED /* AnySwiftUIHolderView.swift in Sources */ = {isa = PBXBuildFile; fileRef = 849C8149292E51CF00635DED /* AnySwiftUIHolderView.swift */; };
		849C814F292E526600635DED /* AutolayoutBuilder.swift in Sources */ = {isa = PBXBuildFile; fileRef = 849C814D292E526600635DED /* AutolayoutBuilder.swift */; };
		849C8150292E526600635DED /* UIView+AddSubviews.swift in Sources */ = {isa = PBXBuildFile; fileRef = 849C814E292E526600635DED /* UIView+AddSubviews.swift */; };
		849C8153292E6B7500635DED /* APIService.swift in Sources */ = {isa = PBXBuildFile; fileRef = 849C8152292E6B7500635DED /* APIService.swift */; };
		849C8156292E6C2B00635DED /* Comment.swift in Sources */ = {isa = PBXBuildFile; fileRef = 849C8155292E6C2B00635DED /* Comment.swift */; };
		849C815A292E9E6100635DED /* CustomNavBar.swift in Sources */ = {isa = PBXBuildFile; fileRef = 849C8159292E9E6100635DED /* CustomNavBar.swift */; };
		84C327802930DEB7003924F1 /* BaseFactory.swift in Sources */ = {isa = PBXBuildFile; fileRef = 84C3277F2930DEB7003924F1 /* BaseFactory.swift */; };
		84C327852930E9BE003924F1 /* CommentsRepositories.swift in Sources */ = {isa = PBXBuildFile; fileRef = 84C327842930E9BE003924F1 /* CommentsRepositories.swift */; };
/* End PBXBuildFile section */

/* Begin PBXFileReference section */
		843E34B5292F6DF50084379A /* ActivityIndicator.swift */ = {isa = PBXFileReference; lastKnownFileType = sourcecode.swift; path = ActivityIndicator.swift; sourceTree = "<group>"; };
		843E34B8292F9C9C0084379A /* URLSession+Extensions.swift */ = {isa = PBXFileReference; lastKnownFileType = sourcecode.swift; path = "URLSession+Extensions.swift"; sourceTree = "<group>"; };
		843E34C72930C7990084379A /* en */ = {isa = PBXFileReference; lastKnownFileType = text.plist.strings; name = en; path = en.lproj/Localizable.strings; sourceTree = "<group>"; };
		843E34CD2930DD1E0084379A /* APIEndpoints.swift */ = {isa = PBXFileReference; lastKnownFileType = sourcecode.swift; path = APIEndpoints.swift; sourceTree = "<group>"; };
		843E34CF2930DE070084379A /* BaseView.swift */ = {isa = PBXFileReference; lastKnownFileType = sourcecode.swift; path = BaseView.swift; sourceTree = "<group>"; };
		849C810A292E41EA00635DED /* CommentsApp.app */ = {isa = PBXFileReference; explicitFileType = wrapper.application; includeInIndex = 0; path = CommentsApp.app; sourceTree = BUILT_PRODUCTS_DIR; };
		849C810D292E41EA00635DED /* AppDelegate.swift */ = {isa = PBXFileReference; lastKnownFileType = sourcecode.swift; path = AppDelegate.swift; sourceTree = "<group>"; };
		849C810F292E41EA00635DED /* SceneDelegate.swift */ = {isa = PBXFileReference; lastKnownFileType = sourcecode.swift; path = SceneDelegate.swift; sourceTree = "<group>"; };
		849C8114292E41EA00635DED /* Base */ = {isa = PBXFileReference; lastKnownFileType = file.storyboard; name = Base; path = Base.lproj/Main.storyboard; sourceTree = "<group>"; };
		849C8116292E41F100635DED /* Assets.xcassets */ = {isa = PBXFileReference; lastKnownFileType = folder.assetcatalog; path = Assets.xcassets; sourceTree = "<group>"; };
		849C8119292E41F100635DED /* Base */ = {isa = PBXFileReference; lastKnownFileType = file.storyboard; name = Base; path = Base.lproj/LaunchScreen.storyboard; sourceTree = "<group>"; };
		849C811B292E41F100635DED /* Info.plist */ = {isa = PBXFileReference; lastKnownFileType = text.plist.xml; path = Info.plist; sourceTree = "<group>"; };
		849C8127292E46DE00635DED /* AnyBaseViewModel.swift */ = {isa = PBXFileReference; fileEncoding = 4; lastKnownFileType = sourcecode.swift; path = AnyBaseViewModel.swift; sourceTree = "<group>"; };
		849C8129292E46DE00635DED /* BaseViewController.swift */ = {isa = PBXFileReference; fileEncoding = 4; lastKnownFileType = sourcecode.swift; path = BaseViewController.swift; sourceTree = "<group>"; };
		849C8132292E4A5300635DED /* MainView.swift */ = {isa = PBXFileReference; lastKnownFileType = sourcecode.swift; path = MainView.swift; sourceTree = "<group>"; };
		849C8134292E4A5F00635DED /* MainViewModel.swift */ = {isa = PBXFileReference; lastKnownFileType = sourcecode.swift; path = MainViewModel.swift; sourceTree = "<group>"; };
		849C8136292E4A6A00635DED /* MainViewController.swift */ = {isa = PBXFileReference; lastKnownFileType = sourcecode.swift; path = MainViewController.swift; sourceTree = "<group>"; };
		849C8138292E4ACC00635DED /* CommentsView.swift */ = {isa = PBXFileReference; lastKnownFileType = sourcecode.swift; path = CommentsView.swift; sourceTree = "<group>"; };
		849C813A292E4ADA00635DED /* CommentsViewModel.swift */ = {isa = PBXFileReference; lastKnownFileType = sourcecode.swift; path = CommentsViewModel.swift; sourceTree = "<group>"; };
		849C813C292E4AE600635DED /* CommentsViewController.swift */ = {isa = PBXFileReference; lastKnownFileType = sourcecode.swift; path = CommentsViewController.swift; sourceTree = "<group>"; };
		849C8144292E51A900635DED /* SwiftUIView.swift */ = {isa = PBXFileReference; fileEncoding = 4; lastKnownFileType = sourcecode.swift; path = SwiftUIView.swift; sourceTree = "<group>"; };
		849C8146292E51AB00635DED /* SwiftUIViewController.swift */ = {isa = PBXFileReference; lastKnownFileType = sourcecode.swift; path = SwiftUIViewController.swift; sourceTree = "<group>"; };
		849C8149292E51CF00635DED /* AnySwiftUIHolderView.swift */ = {isa = PBXFileReference; fileEncoding = 4; lastKnownFileType = sourcecode.swift; path = AnySwiftUIHolderView.swift; sourceTree = "<group>"; };
		849C814D292E526600635DED /* AutolayoutBuilder.swift */ = {isa = PBXFileReference; fileEncoding = 4; lastKnownFileType = sourcecode.swift; path = AutolayoutBuilder.swift; sourceTree = "<group>"; };
		849C814E292E526600635DED /* UIView+AddSubviews.swift */ = {isa = PBXFileReference; fileEncoding = 4; lastKnownFileType = sourcecode.swift; path = "UIView+AddSubviews.swift"; sourceTree = "<group>"; };
		849C8152292E6B7500635DED /* APIService.swift */ = {isa = PBXFileReference; lastKnownFileType = sourcecode.swift; path = APIService.swift; sourceTree = "<group>"; };
		849C8155292E6C2B00635DED /* Comment.swift */ = {isa = PBXFileReference; lastKnownFileType = sourcecode.swift; path = Comment.swift; sourceTree = "<group>"; };
		849C8159292E9E6100635DED /* CustomNavBar.swift */ = {isa = PBXFileReference; lastKnownFileType = sourcecode.swift; path = CustomNavBar.swift; sourceTree = "<group>"; };
		84C3277F2930DEB7003924F1 /* BaseFactory.swift */ = {isa = PBXFileReference; lastKnownFileType = sourcecode.swift; path = BaseFactory.swift; sourceTree = "<group>"; };
		84C327842930E9BE003924F1 /* CommentsRepositories.swift */ = {isa = PBXFileReference; lastKnownFileType = sourcecode.swift; path = CommentsRepositories.swift; sourceTree = "<group>"; };
/* End PBXFileReference section */

/* Begin PBXFrameworksBuildPhase section */
		849C8107292E41EA00635DED /* Frameworks */ = {
			isa = PBXFrameworksBuildPhase;
			buildActionMask = 2147483647;
			files = (
			);
			runOnlyForDeploymentPostprocessing = 0;
		};
/* End PBXFrameworksBuildPhase section */

/* Begin PBXGroup section */
		843E34B7292F9C830084379A /* Extensions */ = {
			isa = PBXGroup;
			children = (
				843E34B8292F9C9C0084379A /* URLSession+Extensions.swift */,
			);
			path = Extensions;
			sourceTree = "<group>";
		};
		843E34C52930C7730084379A /* Resources */ = {
			isa = PBXGroup;
			children = (
				843E34C82930C7990084379A /* Localizable.strings */,
				849C8116292E41F100635DED /* Assets.xcassets */,
				849C8118292E41F100635DED /* LaunchScreen.storyboard */,
			);
			path = Resources;
			sourceTree = "<group>";
		};
		843E34C92930D7B50084379A /* Application */ = {
			isa = PBXGroup;
			children = (
				849C810D292E41EA00635DED /* AppDelegate.swift */,
				849C810F292E41EA00635DED /* SceneDelegate.swift */,
				849C8113292E41EA00635DED /* Main.storyboard */,
			);
			path = Application;
			sourceTree = "<group>";
		};
		843E34CA2930DAC90084379A /* Presentation */ = {
			isa = PBXGroup;
			children = (
				849C812F292E4A0400635DED /* Scenes */,
				849C8121292E463700635DED /* Utilities */,
			);
			path = Presentation;
			sourceTree = "<group>";
		};
		843E34CB2930DBEF0084379A /* Network */ = {
			isa = PBXGroup;
			children = (
				849C8154292E6B7D00635DED /* Models */,
				849C8152292E6B7500635DED /* APIService.swift */,
				843E34CD2930DD1E0084379A /* APIEndpoints.swift */,
			);
			path = Network;
			sourceTree = "<group>";
		};
		849C8101292E41E900635DED = {
			isa = PBXGroup;
			children = (
				849C810C292E41EA00635DED /* CommentsApp */,
				849C810B292E41EA00635DED /* Products */,
			);
			sourceTree = "<group>";
		};
		849C810B292E41EA00635DED /* Products */ = {
			isa = PBXGroup;
			children = (
				849C810A292E41EA00635DED /* CommentsApp.app */,
			);
			name = Products;
			sourceTree = "<group>";
		};
		849C810C292E41EA00635DED /* CommentsApp */ = {
			isa = PBXGroup;
			children = (
				843E34CA2930DAC90084379A /* Presentation */,
				84C327822930E3FB003924F1 /* Data */,
				843E34C52930C7730084379A /* Resources */,
				843E34C92930D7B50084379A /* Application */,
				849C811B292E41F100635DED /* Info.plist */,
			);
			path = CommentsApp;
			sourceTree = "<group>";
		};
		849C8121292E463700635DED /* Utilities */ = {
			isa = PBXGroup;
			children = (
				849C8122292E469200635DED /* Flow */,
				849C813E292E501B00635DED /* UIKit */,
				849C8157292E9E3500635DED /* SwiftUI */,
				843E34B7292F9C830084379A /* Extensions */,
			);
			path = Utilities;
			sourceTree = "<group>";
		};
		849C8122292E469200635DED /* Flow */ = {
			isa = PBXGroup;
			children = (
				843E34CF2930DE070084379A /* BaseView.swift */,
				84C3277F2930DEB7003924F1 /* BaseFactory.swift */,
				849C8129292E46DE00635DED /* BaseViewController.swift */,
				849C8127292E46DE00635DED /* AnyBaseViewModel.swift */,
			);
			path = Flow;
			sourceTree = "<group>";
		};
		849C812F292E4A0400635DED /* Scenes */ = {
			isa = PBXGroup;
			children = (
				849C8130292E4A1000635DED /* Main */,
				849C8131292E4A2400635DED /* Comments */,
			);
			path = Scenes;
			sourceTree = "<group>";
		};
		849C8130292E4A1000635DED /* Main */ = {
			isa = PBXGroup;
			children = (
				849C8132292E4A5300635DED /* MainView.swift */,
				849C8134292E4A5F00635DED /* MainViewModel.swift */,
				849C8136292E4A6A00635DED /* MainViewController.swift */,
			);
			path = Main;
			sourceTree = "<group>";
		};
		849C8131292E4A2400635DED /* Comments */ = {
			isa = PBXGroup;
			children = (
				849C8138292E4ACC00635DED /* CommentsView.swift */,
				849C813A292E4ADA00635DED /* CommentsViewModel.swift */,
				849C813C292E4AE600635DED /* CommentsViewController.swift */,
			);
			path = Comments;
			sourceTree = "<group>";
		};
		849C813E292E501B00635DED /* UIKit */ = {
			isa = PBXGroup;
			children = (
				849C814B292E523400635DED /* SwiftUIHosting */,
				849C814C292E524900635DED /* Autolayout */,
			);
			path = UIKit;
			sourceTree = "<group>";
		};
		849C8143292E519B00635DED /* Helpers */ = {
			isa = PBXGroup;
			children = (
				849C8144292E51A900635DED /* SwiftUIView.swift */,
				849C8146292E51AB00635DED /* SwiftUIViewController.swift */,
			);
			path = Helpers;
			sourceTree = "<group>";
		};
		849C8148292E51C900635DED /* Protocols */ = {
			isa = PBXGroup;
			children = (
				849C8149292E51CF00635DED /* AnySwiftUIHolderView.swift */,
			);
			path = Protocols;
			sourceTree = "<group>";
		};
		849C814B292E523400635DED /* SwiftUIHosting */ = {
			isa = PBXGroup;
			children = (
				849C8148292E51C900635DED /* Protocols */,
				849C8143292E519B00635DED /* Helpers */,
			);
			path = SwiftUIHosting;
			sourceTree = "<group>";
		};
		849C814C292E524900635DED /* Autolayout */ = {
			isa = PBXGroup;
			children = (
				849C814D292E526600635DED /* AutolayoutBuilder.swift */,
				849C814E292E526600635DED /* UIView+AddSubviews.swift */,
			);
			path = Autolayout;
			sourceTree = "<group>";
		};
		849C8154292E6B7D00635DED /* Models */ = {
			isa = PBXGroup;
			children = (
				849C8155292E6C2B00635DED /* Comment.swift */,
			);
			path = Models;
			sourceTree = "<group>";
		};
		849C8157292E9E3500635DED /* SwiftUI */ = {
			isa = PBXGroup;
			children = (
				849C8158292E9E4B00635DED /* Views */,
			);
			path = SwiftUI;
			sourceTree = "<group>";
		};
		849C8158292E9E4B00635DED /* Views */ = {
			isa = PBXGroup;
			children = (
				849C8159292E9E6100635DED /* CustomNavBar.swift */,
				843E34B5292F6DF50084379A /* ActivityIndicator.swift */,
			);
			path = Views;
			sourceTree = "<group>";
		};
		84C327822930E3FB003924F1 /* Data */ = {
			isa = PBXGroup;
			children = (
				84C327832930E952003924F1 /* Repositiries */,
				843E34CB2930DBEF0084379A /* Network */,
			);
			path = Data;
			sourceTree = "<group>";
		};
		84C327832930E952003924F1 /* Repositiries */ = {
			isa = PBXGroup;
			children = (
				84C327842930E9BE003924F1 /* CommentsRepositories.swift */,
			);
			path = Repositiries;
			sourceTree = "<group>";
		};
/* End PBXGroup section */

/* Begin PBXNativeTarget section */
		849C8109292E41EA00635DED /* CommentsApp */ = {
			isa = PBXNativeTarget;
			buildConfigurationList = 849C811E292E41F100635DED /* Build configuration list for PBXNativeTarget "CommentsApp" */;
			buildPhases = (
				849C8106292E41EA00635DED /* Sources */,
				849C8107292E41EA00635DED /* Frameworks */,
				849C8108292E41EA00635DED /* Resources */,
			);
			buildRules = (
			);
			dependencies = (
			);
			name = CommentsApp;
			productName = CommentsApp;
			productReference = 849C810A292E41EA00635DED /* CommentsApp.app */;
			productType = "com.apple.product-type.application";
		};
/* End PBXNativeTarget section */

/* Begin PBXProject section */
		849C8102292E41E900635DED /* Project object */ = {
			isa = PBXProject;
			attributes = {
				BuildIndependentTargetsInParallel = 1;
				LastSwiftUpdateCheck = 1410;
				LastUpgradeCheck = 1410;
				TargetAttributes = {
					849C8109292E41EA00635DED = {
						CreatedOnToolsVersion = 14.1;
					};
				};
			};
			buildConfigurationList = 849C8105292E41E900635DED /* Build configuration list for PBXProject "CommentsApp" */;
			compatibilityVersion = "Xcode 13.0";
			developmentRegion = en;
			hasScannedForEncodings = 0;
			knownRegions = (
				en,
				Base,
			);
			mainGroup = 849C8101292E41E900635DED;
			productRefGroup = 849C810B292E41EA00635DED /* Products */;
			projectDirPath = "";
			projectRoot = "";
			targets = (
				849C8109292E41EA00635DED /* CommentsApp */,
			);
		};
/* End PBXProject section */

/* Begin PBXResourcesBuildPhase section */
		849C8108292E41EA00635DED /* Resources */ = {
			isa = PBXResourcesBuildPhase;
			buildActionMask = 2147483647;
			files = (
				849C811A292E41F100635DED /* LaunchScreen.storyboard in Resources */,
				843E34C62930C7990084379A /* Localizable.strings in Resources */,
				849C8117292E41F100635DED /* Assets.xcassets in Resources */,
				849C8115292E41EA00635DED /* Main.storyboard in Resources */,
			);
			runOnlyForDeploymentPostprocessing = 0;
		};
/* End PBXResourcesBuildPhase section */

/* Begin PBXSourcesBuildPhase section */
		849C8106292E41EA00635DED /* Sources */ = {
			isa = PBXSourcesBuildPhase;
			buildActionMask = 2147483647;
			files = (
				849C813B292E4ADA00635DED /* CommentsViewModel.swift in Sources */,
				849C8153292E6B7500635DED /* APIService.swift in Sources */,
				849C814A292E51CF00635DED /* AnySwiftUIHolderView.swift in Sources */,
				843E34CE2930DD1F0084379A /* APIEndpoints.swift in Sources */,
				849C813D292E4AE600635DED /* CommentsViewController.swift in Sources */,
				849C8133292E4A5300635DED /* MainView.swift in Sources */,
				849C815A292E9E6100635DED /* CustomNavBar.swift in Sources */,
				84C327802930DEB7003924F1 /* BaseFactory.swift in Sources */,
				849C810E292E41EA00635DED /* AppDelegate.swift in Sources */,
				849C812B292E46DF00635DED /* AnyBaseViewModel.swift in Sources */,
				849C8110292E41EA00635DED /* SceneDelegate.swift in Sources */,
				849C8150292E526600635DED /* UIView+AddSubviews.swift in Sources */,
				849C812D292E46DF00635DED /* BaseViewController.swift in Sources */,
				849C8145292E51A900635DED /* SwiftUIView.swift in Sources */,
				843E34B9292F9C9C0084379A /* URLSession+Extensions.swift in Sources */,
				849C8147292E51AB00635DED /* SwiftUIViewController.swift in Sources */,
				843E34D02930DE070084379A /* BaseView.swift in Sources */,
				849C8139292E4ACC00635DED /* CommentsView.swift in Sources */,
				843E34B6292F6DF50084379A /* ActivityIndicator.swift in Sources */,
				84C327852930E9BE003924F1 /* CommentsRepositories.swift in Sources */,
				849C8156292E6C2B00635DED /* Comment.swift in Sources */,
				849C814F292E526600635DED /* AutolayoutBuilder.swift in Sources */,
				849C8135292E4A5F00635DED /* MainViewModel.swift in Sources */,
				849C8137292E4A6A00635DED /* MainViewController.swift in Sources */,
			);
			runOnlyForDeploymentPostprocessing = 0;
		};
/* End PBXSourcesBuildPhase section */

/* Begin PBXVariantGroup section */
		843E34C82930C7990084379A /* Localizable.strings */ = {
			isa = PBXVariantGroup;
			children = (
				843E34C72930C7990084379A /* en */,
			);
			name = Localizable.strings;
			sourceTree = "<group>";
		};
		849C8113292E41EA00635DED /* Main.storyboard */ = {
			isa = PBXVariantGroup;
			children = (
				849C8114292E41EA00635DED /* Base */,
			);
			name = Main.storyboard;
			sourceTree = "<group>";
		};
		849C8118292E41F100635DED /* LaunchScreen.storyboard */ = {
			isa = PBXVariantGroup;
			children = (
				849C8119292E41F100635DED /* Base */,
			);
			name = LaunchScreen.storyboard;
			sourceTree = "<group>";
		};
/* End PBXVariantGroup section */

/* Begin XCBuildConfiguration section */
		849C811C292E41F100635DED /* Debug */ = {
			isa = XCBuildConfiguration;
			buildSettings = {
				ALWAYS_SEARCH_USER_PATHS = NO;
				CLANG_ANALYZER_NONNULL = YES;
				CLANG_ANALYZER_NUMBER_OBJECT_CONVERSION = YES_AGGRESSIVE;
				CLANG_CXX_LANGUAGE_STANDARD = "gnu++20";
				CLANG_ENABLE_MODULES = YES;
				CLANG_ENABLE_OBJC_ARC = YES;
				CLANG_ENABLE_OBJC_WEAK = YES;
				CLANG_WARN_BLOCK_CAPTURE_AUTORELEASING = YES;
				CLANG_WARN_BOOL_CONVERSION = YES;
				CLANG_WARN_COMMA = YES;
				CLANG_WARN_CONSTANT_CONVERSION = YES;
				CLANG_WARN_DEPRECATED_OBJC_IMPLEMENTATIONS = YES;
				CLANG_WARN_DIRECT_OBJC_ISA_USAGE = YES_ERROR;
				CLANG_WARN_DOCUMENTATION_COMMENTS = YES;
				CLANG_WARN_EMPTY_BODY = YES;
				CLANG_WARN_ENUM_CONVERSION = YES;
				CLANG_WARN_INFINITE_RECURSION = YES;
				CLANG_WARN_INT_CONVERSION = YES;
				CLANG_WARN_NON_LITERAL_NULL_CONVERSION = YES;
				CLANG_WARN_OBJC_IMPLICIT_RETAIN_SELF = YES;
				CLANG_WARN_OBJC_LITERAL_CONVERSION = YES;
				CLANG_WARN_OBJC_ROOT_CLASS = YES_ERROR;
				CLANG_WARN_QUOTED_INCLUDE_IN_FRAMEWORK_HEADER = YES;
				CLANG_WARN_RANGE_LOOP_ANALYSIS = YES;
				CLANG_WARN_STRICT_PROTOTYPES = YES;
				CLANG_WARN_SUSPICIOUS_MOVE = YES;
				CLANG_WARN_UNGUARDED_AVAILABILITY = YES_AGGRESSIVE;
				CLANG_WARN_UNREACHABLE_CODE = YES;
				CLANG_WARN__DUPLICATE_METHOD_MATCH = YES;
				COPY_PHASE_STRIP = NO;
				DEBUG_INFORMATION_FORMAT = dwarf;
				ENABLE_STRICT_OBJC_MSGSEND = YES;
				ENABLE_TESTABILITY = YES;
				GCC_C_LANGUAGE_STANDARD = gnu11;
				GCC_DYNAMIC_NO_PIC = NO;
				GCC_NO_COMMON_BLOCKS = YES;
				GCC_OPTIMIZATION_LEVEL = 0;
				GCC_PREPROCESSOR_DEFINITIONS = (
					"DEBUG=1",
					"$(inherited)",
				);
				GCC_WARN_64_TO_32_BIT_CONVERSION = YES;
				GCC_WARN_ABOUT_RETURN_TYPE = YES_ERROR;
				GCC_WARN_UNDECLARED_SELECTOR = YES;
				GCC_WARN_UNINITIALIZED_AUTOS = YES_AGGRESSIVE;
				GCC_WARN_UNUSED_FUNCTION = YES;
				GCC_WARN_UNUSED_VARIABLE = YES;
				IPHONEOS_DEPLOYMENT_TARGET = 15.2;
				MTL_ENABLE_DEBUG_INFO = INCLUDE_SOURCE;
				MTL_FAST_MATH = YES;
				ONLY_ACTIVE_ARCH = YES;
				SDKROOT = iphoneos;
				SWIFT_ACTIVE_COMPILATION_CONDITIONS = DEBUG;
				SWIFT_OPTIMIZATION_LEVEL = "-Onone";
			};
			name = Debug;
		};
		849C811D292E41F100635DED /* Release */ = {
			isa = XCBuildConfiguration;
			buildSettings = {
				ALWAYS_SEARCH_USER_PATHS = NO;
				CLANG_ANALYZER_NONNULL = YES;
				CLANG_ANALYZER_NUMBER_OBJECT_CONVERSION = YES_AGGRESSIVE;
				CLANG_CXX_LANGUAGE_STANDARD = "gnu++20";
				CLANG_ENABLE_MODULES = YES;
				CLANG_ENABLE_OBJC_ARC = YES;
				CLANG_ENABLE_OBJC_WEAK = YES;
				CLANG_WARN_BLOCK_CAPTURE_AUTORELEASING = YES;
				CLANG_WARN_BOOL_CONVERSION = YES;
				CLANG_WARN_COMMA = YES;
				CLANG_WARN_CONSTANT_CONVERSION = YES;
				CLANG_WARN_DEPRECATED_OBJC_IMPLEMENTATIONS = YES;
				CLANG_WARN_DIRECT_OBJC_ISA_USAGE = YES_ERROR;
				CLANG_WARN_DOCUMENTATION_COMMENTS = YES;
				CLANG_WARN_EMPTY_BODY = YES;
				CLANG_WARN_ENUM_CONVERSION = YES;
				CLANG_WARN_INFINITE_RECURSION = YES;
				CLANG_WARN_INT_CONVERSION = YES;
				CLANG_WARN_NON_LITERAL_NULL_CONVERSION = YES;
				CLANG_WARN_OBJC_IMPLICIT_RETAIN_SELF = YES;
				CLANG_WARN_OBJC_LITERAL_CONVERSION = YES;
				CLANG_WARN_OBJC_ROOT_CLASS = YES_ERROR;
				CLANG_WARN_QUOTED_INCLUDE_IN_FRAMEWORK_HEADER = YES;
				CLANG_WARN_RANGE_LOOP_ANALYSIS = YES;
				CLANG_WARN_STRICT_PROTOTYPES = YES;
				CLANG_WARN_SUSPICIOUS_MOVE = YES;
				CLANG_WARN_UNGUARDED_AVAILABILITY = YES_AGGRESSIVE;
				CLANG_WARN_UNREACHABLE_CODE = YES;
				CLANG_WARN__DUPLICATE_METHOD_MATCH = YES;
				COPY_PHASE_STRIP = NO;
				DEBUG_INFORMATION_FORMAT = "dwarf-with-dsym";
				ENABLE_NS_ASSERTIONS = NO;
				ENABLE_STRICT_OBJC_MSGSEND = YES;
				GCC_C_LANGUAGE_STANDARD = gnu11;
				GCC_NO_COMMON_BLOCKS = YES;
				GCC_WARN_64_TO_32_BIT_CONVERSION = YES;
				GCC_WARN_ABOUT_RETURN_TYPE = YES_ERROR;
				GCC_WARN_UNDECLARED_SELECTOR = YES;
				GCC_WARN_UNINITIALIZED_AUTOS = YES_AGGRESSIVE;
				GCC_WARN_UNUSED_FUNCTION = YES;
				GCC_WARN_UNUSED_VARIABLE = YES;
				IPHONEOS_DEPLOYMENT_TARGET = 15.2;
				MTL_ENABLE_DEBUG_INFO = NO;
				MTL_FAST_MATH = YES;
				SDKROOT = iphoneos;
				SWIFT_COMPILATION_MODE = wholemodule;
				SWIFT_OPTIMIZATION_LEVEL = "-O";
				VALIDATE_PRODUCT = YES;
			};
			name = Release;
		};
		849C811F292E41F100635DED /* Debug */ = {
			isa = XCBuildConfiguration;
			buildSettings = {
				ASSETCATALOG_COMPILER_APPICON_NAME = AppIcon;
				ASSETCATALOG_COMPILER_GLOBAL_ACCENT_COLOR_NAME = AccentColor;
				CODE_SIGN_STYLE = Automatic;
				CURRENT_PROJECT_VERSION = 1;
				DEVELOPMENT_TEAM = 4N3BFAMF7V;
				GENERATE_INFOPLIST_FILE = YES;
				INFOPLIST_FILE = CommentsApp/Info.plist;
				INFOPLIST_KEY_UIApplicationSupportsIndirectInputEvents = YES;
				INFOPLIST_KEY_UILaunchStoryboardName = LaunchScreen;
				INFOPLIST_KEY_UIMainStoryboardFile = Main;
				INFOPLIST_KEY_UISupportedInterfaceOrientations_iPad = "UIInterfaceOrientationPortrait UIInterfaceOrientationPortraitUpsideDown UIInterfaceOrientationLandscapeLeft UIInterfaceOrientationLandscapeRight";
				INFOPLIST_KEY_UISupportedInterfaceOrientations_iPhone = "UIInterfaceOrientationPortrait UIInterfaceOrientationLandscapeLeft UIInterfaceOrientationLandscapeRight";
				LD_RUNPATH_SEARCH_PATHS = (
					"$(inherited)",
					"@executable_path/Frameworks",
				);
				MARKETING_VERSION = 1.0;
				PRODUCT_BUNDLE_IDENTIFIER = vladliubov.CommentsApp;
				PRODUCT_NAME = "$(TARGET_NAME)";
				SWIFT_EMIT_LOC_STRINGS = YES;
				SWIFT_VERSION = 5.0;
				TARGETED_DEVICE_FAMILY = "1,2";
			};
			name = Debug;
		};
		849C8120292E41F100635DED /* Release */ = {
			isa = XCBuildConfiguration;
			buildSettings = {
				ASSETCATALOG_COMPILER_APPICON_NAME = AppIcon;
				ASSETCATALOG_COMPILER_GLOBAL_ACCENT_COLOR_NAME = AccentColor;
				CODE_SIGN_STYLE = Automatic;
				CURRENT_PROJECT_VERSION = 1;
				DEVELOPMENT_TEAM = 4N3BFAMF7V;
				GENERATE_INFOPLIST_FILE = YES;
				INFOPLIST_FILE = CommentsApp/Info.plist;
				INFOPLIST_KEY_UIApplicationSupportsIndirectInputEvents = YES;
				INFOPLIST_KEY_UILaunchStoryboardName = LaunchScreen;
				INFOPLIST_KEY_UIMainStoryboardFile = Main;
				INFOPLIST_KEY_UISupportedInterfaceOrientations_iPad = "UIInterfaceOrientationPortrait UIInterfaceOrientationPortraitUpsideDown UIInterfaceOrientationLandscapeLeft UIInterfaceOrientationLandscapeRight";
				INFOPLIST_KEY_UISupportedInterfaceOrientations_iPhone = "UIInterfaceOrientationPortrait UIInterfaceOrientationLandscapeLeft UIInterfaceOrientationLandscapeRight";
				LD_RUNPATH_SEARCH_PATHS = (
					"$(inherited)",
					"@executable_path/Frameworks",
				);
				MARKETING_VERSION = 1.0;
				PRODUCT_BUNDLE_IDENTIFIER = cmlteam.CommentsApp;
				PRODUCT_NAME = "$(TARGET_NAME)";
				SWIFT_EMIT_LOC_STRINGS = YES;
				SWIFT_VERSION = 5.0;
				TARGETED_DEVICE_FAMILY = "1,2";
			};
			name = Release;
		};
/* End XCBuildConfiguration section */

/* Begin XCConfigurationList section */
		849C8105292E41E900635DED /* Build configuration list for PBXProject "CommentsApp" */ = {
			isa = XCConfigurationList;
			buildConfigurations = (
				849C811C292E41F100635DED /* Debug */,
				849C811D292E41F100635DED /* Release */,
			);
			defaultConfigurationIsVisible = 0;
			defaultConfigurationName = Release;
		};
		849C811E292E41F100635DED /* Build configuration list for PBXNativeTarget "CommentsApp" */ = {
			isa = XCConfigurationList;
			buildConfigurations = (
				849C811F292E41F100635DED /* Debug */,
				849C8120292E41F100635DED /* Release */,
			);
			defaultConfigurationIsVisible = 0;
			defaultConfigurationName = Release;
		};
/* End XCConfigurationList section */
	};
	rootObject = 849C8102292E41E900635DED /* Project object */;
}
